// !$*UTF8*$!
{
	archiveVersion = 1;
	classes = {
	};
	objectVersion = 56;
	objects = {

/* Begin PBXBuildFile section */
		886B95172B1C5C5A00559813 /* AppDelegate.swift in Sources */ = {isa = PBXBuildFile; fileRef = 886B95162B1C5C5A00559813 /* AppDelegate.swift */; };
		886B95192B1C5C5B00559813 /* GameScene.sks in Resources */ = {isa = PBXBuildFile; fileRef = 886B95182B1C5C5B00559813 /* GameScene.sks */; };
		886B951B2B1C5C5B00559813 /* Actions.sks in Resources */ = {isa = PBXBuildFile; fileRef = 886B951A2B1C5C5B00559813 /* Actions.sks */; };
		886B951D2B1C5C5B00559813 /* GameScene.swift in Sources */ = {isa = PBXBuildFile; fileRef = 886B951C2B1C5C5B00559813 /* GameScene.swift */; };
		886B951F2B1C5C5B00559813 /* GameViewController.swift in Sources */ = {isa = PBXBuildFile; fileRef = 886B951E2B1C5C5B00559813 /* GameViewController.swift */; };
		886B95222B1C5C5B00559813 /* Main.storyboard in Resources */ = {isa = PBXBuildFile; fileRef = 886B95202B1C5C5B00559813 /* Main.storyboard */; };
		886B95242B1C5C5C00559813 /* Assets.xcassets in Resources */ = {isa = PBXBuildFile; fileRef = 886B95232B1C5C5C00559813 /* Assets.xcassets */; };
		886B95272B1C5C5C00559813 /* LaunchScreen.storyboard in Resources */ = {isa = PBXBuildFile; fileRef = 886B95252B1C5C5C00559813 /* LaunchScreen.storyboard */; };
		886B95312B1C5C5D00559813 /* testTests.swift in Sources */ = {isa = PBXBuildFile; fileRef = 886B95302B1C5C5D00559813 /* testTests.swift */; };
		886B953B2B1C5C5D00559813 /* testUITests.swift in Sources */ = {isa = PBXBuildFile; fileRef = 886B953A2B1C5C5D00559813 /* testUITests.swift */; };
		886B953D2B1C5C5D00559813 /* testUITestsLaunchTests.swift in Sources */ = {isa = PBXBuildFile; fileRef = 886B953C2B1C5C5D00559813 /* testUITestsLaunchTests.swift */; };
/* End PBXBuildFile section */

/* Begin PBXContainerItemProxy section */
		886B952D2B1C5C5D00559813 /* PBXContainerItemProxy */ = {
			isa = PBXContainerItemProxy;
			containerPortal = 886B950B2B1C5C5A00559813 /* Project object */;
			proxyType = 1;
			remoteGlobalIDString = 886B95122B1C5C5A00559813;
			remoteInfo = test;
		};
		886B95372B1C5C5D00559813 /* PBXContainerItemProxy */ = {
			isa = PBXContainerItemProxy;
			containerPortal = 886B950B2B1C5C5A00559813 /* Project object */;
			proxyType = 1;
			remoteGlobalIDString = 886B95122B1C5C5A00559813;
			remoteInfo = test;
		};
/* End PBXContainerItemProxy section */

/* Begin PBXFileReference section */
		886B95132B1C5C5A00559813 /* test.app */ = {isa = PBXFileReference; explicitFileType = wrapper.application; includeInIndex = 0; path = test.app; sourceTree = BUILT_PRODUCTS_DIR; };
		886B95162B1C5C5A00559813 /* AppDelegate.swift */ = {isa = PBXFileReference; lastKnownFileType = sourcecode.swift; path = AppDelegate.swift; sourceTree = "<group>"; };
		886B95182B1C5C5B00559813 /* GameScene.sks */ = {isa = PBXFileReference; lastKnownFileType = file.sks; path = GameScene.sks; sourceTree = "<group>"; };
		886B951A2B1C5C5B00559813 /* Actions.sks */ = {isa = PBXFileReference; lastKnownFileType = file.sks; path = Actions.sks; sourceTree = "<group>"; };
		886B951C2B1C5C5B00559813 /* GameScene.swift */ = {isa = PBXFileReference; lastKnownFileType = sourcecode.swift; path = GameScene.swift; sourceTree = "<group>"; };
		886B951E2B1C5C5B00559813 /* GameViewController.swift */ = {isa = PBXFileReference; lastKnownFileType = sourcecode.swift; path = GameViewController.swift; sourceTree = "<group>"; };
		886B95212B1C5C5B00559813 /* Base */ = {isa = PBXFileReference; lastKnownFileType = file.storyboard; name = Base; path = Base.lproj/Main.storyboard; sourceTree = "<group>"; };
		886B95232B1C5C5C00559813 /* Assets.xcassets */ = {isa = PBXFileReference; lastKnownFileType = folder.assetcatalog; path = Assets.xcassets; sourceTree = "<group>"; };
		886B95262B1C5C5C00559813 /* Base */ = {isa = PBXFileReference; lastKnownFileType = file.storyboard; name = Base; path = Base.lproj/LaunchScreen.storyboard; sourceTree = "<group>"; };
		886B952C2B1C5C5D00559813 /* testTests.xctest */ = {isa = PBXFileReference; explicitFileType = wrapper.cfbundle; includeInIndex = 0; path = testTests.xctest; sourceTree = BUILT_PRODUCTS_DIR; };
		886B95302B1C5C5D00559813 /* testTests.swift */ = {isa = PBXFileReference; lastKnownFileType = sourcecode.swift; path = testTests.swift; sourceTree = "<group>"; };
		886B95362B1C5C5D00559813 /* testUITests.xctest */ = {isa = PBXFileReference; explicitFileType = wrapper.cfbundle; includeInIndex = 0; path = testUITests.xctest; sourceTree = BUILT_PRODUCTS_DIR; };
		886B953A2B1C5C5D00559813 /* testUITests.swift */ = {isa = PBXFileReference; lastKnownFileType = sourcecode.swift; path = testUITests.swift; sourceTree = "<group>"; };
		886B953C2B1C5C5D00559813 /* testUITestsLaunchTests.swift */ = {isa = PBXFileReference; lastKnownFileType = sourcecode.swift; path = testUITestsLaunchTests.swift; sourceTree = "<group>"; };
/* End PBXFileReference section */

/* Begin PBXFrameworksBuildPhase section */
		886B95102B1C5C5A00559813 /* Frameworks */ = {
			isa = PBXFrameworksBuildPhase;
			buildActionMask = 2147483647;
			files = (
			);
			runOnlyForDeploymentPostprocessing = 0;
		};
		886B95292B1C5C5D00559813 /* Frameworks */ = {
			isa = PBXFrameworksBuildPhase;
			buildActionMask = 2147483647;
			files = (
			);
			runOnlyForDeploymentPostprocessing = 0;
		};
		886B95332B1C5C5D00559813 /* Frameworks */ = {
			isa = PBXFrameworksBuildPhase;
			buildActionMask = 2147483647;
			files = (
			);
			runOnlyForDeploymentPostprocessing = 0;
		};
/* End PBXFrameworksBuildPhase section */

/* Begin PBXGroup section */
		886B950A2B1C5C5A00559813 = {
			isa = PBXGroup;
			children = (
				886B95152B1C5C5A00559813 /* test */,
				886B952F2B1C5C5D00559813 /* testTests */,
				886B95392B1C5C5D00559813 /* testUITests */,
				886B95142B1C5C5A00559813 /* Products */,
			);
			sourceTree = "<group>";
		};
		886B95142B1C5C5A00559813 /* Products */ = {
			isa = PBXGroup;
			children = (
				886B95132B1C5C5A00559813 /* test.app */,
				886B952C2B1C5C5D00559813 /* testTests.xctest */,
				886B95362B1C5C5D00559813 /* testUITests.xctest */,
			);
			name = Products;
			sourceTree = "<group>";
		};
		886B95152B1C5C5A00559813 /* test */ = {
			isa = PBXGroup;
			children = (
				886B95162B1C5C5A00559813 /* AppDelegate.swift */,
				886B95182B1C5C5B00559813 /* GameScene.sks */,
				886B951A2B1C5C5B00559813 /* Actions.sks */,
				886B951C2B1C5C5B00559813 /* GameScene.swift */,
				886B951E2B1C5C5B00559813 /* GameViewController.swift */,
				886B95202B1C5C5B00559813 /* Main.storyboard */,
				886B95232B1C5C5C00559813 /* Assets.xcassets */,
				886B95252B1C5C5C00559813 /* LaunchScreen.storyboard */,
			);
			path = test;
			sourceTree = "<group>";
		};
		886B952F2B1C5C5D00559813 /* testTests */ = {
			isa = PBXGroup;
			children = (
				886B95302B1C5C5D00559813 /* testTests.swift */,
			);
			path = testTests;
			sourceTree = "<group>";
		};
		886B95392B1C5C5D00559813 /* testUITests */ = {
			isa = PBXGroup;
			children = (
				886B953A2B1C5C5D00559813 /* testUITests.swift */,
				886B953C2B1C5C5D00559813 /* testUITestsLaunchTests.swift */,
			);
			path = testUITests;
			sourceTree = "<group>";
		};
/* End PBXGroup section */

/* Begin PBXNativeTarget section */
		886B95122B1C5C5A00559813 /* test */ = {
			isa = PBXNativeTarget;
			buildConfigurationList = 886B95402B1C5C5D00559813 /* Build configuration list for PBXNativeTarget "test" */;
			buildPhases = (
				886B950F2B1C5C5A00559813 /* Sources */,
				886B95102B1C5C5A00559813 /* Frameworks */,
				886B95112B1C5C5A00559813 /* Resources */,
			);
			buildRules = (
			);
			dependencies = (
			);
			name = test;
			productName = test;
			productReference = 886B95132B1C5C5A00559813 /* test.app */;
			productType = "com.apple.product-type.application";
		};
		886B952B2B1C5C5D00559813 /* testTests */ = {
			isa = PBXNativeTarget;
			buildConfigurationList = 886B95432B1C5C5D00559813 /* Build configuration list for PBXNativeTarget "testTests" */;
			buildPhases = (
				886B95282B1C5C5D00559813 /* Sources */,
				886B95292B1C5C5D00559813 /* Frameworks */,
				886B952A2B1C5C5D00559813 /* Resources */,
			);
			buildRules = (
			);
			dependencies = (
				886B952E2B1C5C5D00559813 /* PBXTargetDependency */,
			);
			name = testTests;
			productName = testTests;
			productReference = 886B952C2B1C5C5D00559813 /* testTests.xctest */;
			productType = "com.apple.product-type.bundle.unit-test";
		};
		886B95352B1C5C5D00559813 /* testUITests */ = {
			isa = PBXNativeTarget;
			buildConfigurationList = 886B95462B1C5C5D00559813 /* Build configuration list for PBXNativeTarget "testUITests" */;
			buildPhases = (
				886B95322B1C5C5D00559813 /* Sources */,
				886B95332B1C5C5D00559813 /* Frameworks */,
				886B95342B1C5C5D00559813 /* Resources */,
			);
			buildRules = (
			);
			dependencies = (
				886B95382B1C5C5D00559813 /* PBXTargetDependency */,
			);
			name = testUITests;
			productName = testUITests;
			productReference = 886B95362B1C5C5D00559813 /* testUITests.xctest */;
			productType = "com.apple.product-type.bundle.ui-testing";
		};
/* End PBXNativeTarget section */

/* Begin PBXProject section */
		886B950B2B1C5C5A00559813 /* Project object */ = {
			isa = PBXProject;
			attributes = {
				BuildIndependentTargetsInParallel = 1;
				LastSwiftUpdateCheck = 1500;
				LastUpgradeCheck = 1500;
				TargetAttributes = {
					886B95122B1C5C5A00559813 = {
						CreatedOnToolsVersion = 15.0.1;
					};
					886B952B2B1C5C5D00559813 = {
						CreatedOnToolsVersion = 15.0.1;
						TestTargetID = 886B95122B1C5C5A00559813;
					};
					886B95352B1C5C5D00559813 = {
						CreatedOnToolsVersion = 15.0.1;
						TestTargetID = 886B95122B1C5C5A00559813;
					};
				};
			};
			buildConfigurationList = 886B950E2B1C5C5A00559813 /* Build configuration list for PBXProject "test" */;
			compatibilityVersion = "Xcode 14.0";
			developmentRegion = en;
			hasScannedForEncodings = 0;
			knownRegions = (
				en,
				Base,
			);
			mainGroup = 886B950A2B1C5C5A00559813;
			productRefGroup = 886B95142B1C5C5A00559813 /* Products */;
			projectDirPath = "";
			projectRoot = "";
			targets = (
				886B95122B1C5C5A00559813 /* test */,
				886B952B2B1C5C5D00559813 /* testTests */,
				886B95352B1C5C5D00559813 /* testUITests */,
			);
		};
/* End PBXProject section */

/* Begin PBXResourcesBuildPhase section */
		886B95112B1C5C5A00559813 /* Resources */ = {
			isa = PBXResourcesBuildPhase;
			buildActionMask = 2147483647;
			files = (
				886B95222B1C5C5B00559813 /* Main.storyboard in Resources */,
				886B95192B1C5C5B00559813 /* GameScene.sks in Resources */,
				886B95242B1C5C5C00559813 /* Assets.xcassets in Resources */,
				886B95272B1C5C5C00559813 /* LaunchScreen.storyboard in Resources */,
				886B951B2B1C5C5B00559813 /* Actions.sks in Resources */,
			);
			runOnlyForDeploymentPostprocessing = 0;
		};
		886B952A2B1C5C5D00559813 /* Resources */ = {
			isa = PBXResourcesBuildPhase;
			buildActionMask = 2147483647;
			files = (
			);
			runOnlyForDeploymentPostprocessing = 0;
		};
		886B95342B1C5C5D00559813 /* Resources */ = {
			isa = PBXResourcesBuildPhase;
			buildActionMask = 2147483647;
			files = (
			);
			runOnlyForDeploymentPostprocessing = 0;
		};
/* End PBXResourcesBuildPhase section */

/* Begin PBXSourcesBuildPhase section */
		886B950F2B1C5C5A00559813 /* Sources */ = {
			isa = PBXSourcesBuildPhase;
			buildActionMask = 2147483647;
			files = (
				886B951D2B1C5C5B00559813 /* GameScene.swift in Sources */,
				886B951F2B1C5C5B00559813 /* GameViewController.swift in Sources */,
				886B95172B1C5C5A00559813 /* AppDelegate.swift in Sources */,
			);
			runOnlyForDeploymentPostprocessing = 0;
		};
		886B95282B1C5C5D00559813 /* Sources */ = {
			isa = PBXSourcesBuildPhase;
			buildActionMask = 2147483647;
			files = (
				886B95312B1C5C5D00559813 /* testTests.swift in Sources */,
			);
			runOnlyForDeploymentPostprocessing = 0;
		};
		886B95322B1C5C5D00559813 /* Sources */ = {
			isa = PBXSourcesBuildPhase;
			buildActionMask = 2147483647;
			files = (
				886B953D2B1C5C5D00559813 /* testUITestsLaunchTests.swift in Sources */,
				886B953B2B1C5C5D00559813 /* testUITests.swift in Sources */,
			);
			runOnlyForDeploymentPostprocessing = 0;
		};
/* End PBXSourcesBuildPhase section */

/* Begin PBXTargetDependency section */
		886B952E2B1C5C5D00559813 /* PBXTargetDependency */ = {
			isa = PBXTargetDependency;
			target = 886B95122B1C5C5A00559813 /* test */;
			targetProxy = 886B952D2B1C5C5D00559813 /* PBXContainerItemProxy */;
		};
		886B95382B1C5C5D00559813 /* PBXTargetDependency */ = {
			isa = PBXTargetDependency;
			target = 886B95122B1C5C5A00559813 /* test */;
			targetProxy = 886B95372B1C5C5D00559813 /* PBXContainerItemProxy */;
		};
/* End PBXTargetDependency section */

/* Begin PBXVariantGroup section */
		886B95202B1C5C5B00559813 /* Main.storyboard */ = {
			isa = PBXVariantGroup;
			children = (
				886B95212B1C5C5B00559813 /* Base */,
			);
			name = Main.storyboard;
			sourceTree = "<group>";
		};
		886B95252B1C5C5C00559813 /* LaunchScreen.storyboard */ = {
			isa = PBXVariantGroup;
			children = (
				886B95262B1C5C5C00559813 /* Base */,
			);
			name = LaunchScreen.storyboard;
			sourceTree = "<group>";
		};
/* End PBXVariantGroup section */

/* Begin XCBuildConfiguration section */
		886B953E2B1C5C5D00559813 /* Debug */ = {
			isa = XCBuildConfiguration;
			buildSettings = {
				ALWAYS_SEARCH_USER_PATHS = NO;
				ASSETCATALOG_COMPILER_GENERATE_SWIFT_ASSET_SYMBOL_EXTENSIONS = YES;
				CLANG_ANALYZER_NONNULL = YES;
				CLANG_ANALYZER_NUMBER_OBJECT_CONVERSION = YES_AGGRESSIVE;
				CLANG_CXX_LANGUAGE_STANDARD = "gnu++20";
				CLANG_ENABLE_MODULES = YES;
				CLANG_ENABLE_OBJC_ARC = YES;
				CLANG_ENABLE_OBJC_WEAK = YES;
				CLANG_WARN_BLOCK_CAPTURE_AUTORELEASING = YES;
				CLANG_WARN_BOOL_CONVERSION = YES;
				CLANG_WARN_COMMA = YES;
				CLANG_WARN_CONSTANT_CONVERSION = YES;
				CLANG_WARN_DEPRECATED_OBJC_IMPLEMENTATIONS = YES;
				CLANG_WARN_DIRECT_OBJC_ISA_USAGE = YES_ERROR;
				CLANG_WARN_DOCUMENTATION_COMMENTS = YES;
				CLANG_WARN_EMPTY_BODY = YES;
				CLANG_WARN_ENUM_CONVERSION = YES;
				CLANG_WARN_INFINITE_RECURSION = YES;
				CLANG_WARN_INT_CONVERSION = YES;
				CLANG_WARN_NON_LITERAL_NULL_CONVERSION = YES;
				CLANG_WARN_OBJC_IMPLICIT_RETAIN_SELF = YES;
				CLANG_WARN_OBJC_LITERAL_CONVERSION = YES;
				CLANG_WARN_OBJC_ROOT_CLASS = YES_ERROR;
				CLANG_WARN_QUOTED_INCLUDE_IN_FRAMEWORK_HEADER = YES;
				CLANG_WARN_RANGE_LOOP_ANALYSIS = YES;
				CLANG_WARN_STRICT_PROTOTYPES = YES;
				CLANG_WARN_SUSPICIOUS_MOVE = YES;
				CLANG_WARN_UNGUARDED_AVAILABILITY = YES_AGGRESSIVE;
				CLANG_WARN_UNREACHABLE_CODE = YES;
				CLANG_WARN__DUPLICATE_METHOD_MATCH = YES;
				COPY_PHASE_STRIP = NO;
				DEBUG_INFORMATION_FORMAT = dwarf;
				ENABLE_STRICT_OBJC_MSGSEND = YES;
				ENABLE_TESTABILITY = YES;
				ENABLE_USER_SCRIPT_SANDBOXING = YES;
				GCC_C_LANGUAGE_STANDARD = gnu17;
				GCC_DYNAMIC_NO_PIC = NO;
				GCC_NO_COMMON_BLOCKS = YES;
				GCC_OPTIMIZATION_LEVEL = 0;
				GCC_PREPROCESSOR_DEFINITIONS = (
					"DEBUG=1",
					"$(inherited)",
				);
				GCC_WARN_64_TO_32_BIT_CONVERSION = YES;
				GCC_WARN_ABOUT_RETURN_TYPE = YES_ERROR;
				GCC_WARN_UNDECLARED_SELECTOR = YES;
				GCC_WARN_UNINITIALIZED_AUTOS = YES_AGGRESSIVE;
				GCC_WARN_UNUSED_FUNCTION = YES;
				GCC_WARN_UNUSED_VARIABLE = YES;
				IPHONEOS_DEPLOYMENT_TARGET = 17.0;
				LOCALIZATION_PREFERS_STRING_CATALOGS = YES;
				MTL_ENABLE_DEBUG_INFO = INCLUDE_SOURCE;
				MTL_FAST_MATH = YES;
				ONLY_ACTIVE_ARCH = YES;
				SDKROOT = iphoneos;
				SWIFT_ACTIVE_COMPILATION_CONDITIONS = "DEBUG $(inherited)";
				SWIFT_OPTIMIZATION_LEVEL = "-Onone";
			};
			name = Debug;
		};
		886B953F2B1C5C5D00559813 /* Release */ = {
			isa = XCBuildConfiguration;
			buildSettings = {
				ALWAYS_SEARCH_USER_PATHS = NO;
				ASSETCATALOG_COMPILER_GENERATE_SWIFT_ASSET_SYMBOL_EXTENSIONS = YES;
				CLANG_ANALYZER_NONNULL = YES;
				CLANG_ANALYZER_NUMBER_OBJECT_CONVERSION = YES_AGGRESSIVE;
				CLANG_CXX_LANGUAGE_STANDARD = "gnu++20";
				CLANG_ENABLE_MODULES = YES;
				CLANG_ENABLE_OBJC_ARC = YES;
				CLANG_ENABLE_OBJC_WEAK = YES;
				CLANG_WARN_BLOCK_CAPTURE_AUTORELEASING = YES;
				CLANG_WARN_BOOL_CONVERSION = YES;
				CLANG_WARN_COMMA = YES;
				CLANG_WARN_CONSTANT_CONVERSION = YES;
				CLANG_WARN_DEPRECATED_OBJC_IMPLEMENTATIONS = YES;
				CLANG_WARN_DIRECT_OBJC_ISA_USAGE = YES_ERROR;
				CLANG_WARN_DOCUMENTATION_COMMENTS = YES;
				CLANG_WARN_EMPTY_BODY = YES;
				CLANG_WARN_ENUM_CONVERSION = YES;
				CLANG_WARN_INFINITE_RECURSION = YES;
				CLANG_WARN_INT_CONVERSION = YES;
				CLANG_WARN_NON_LITERAL_NULL_CONVERSION = YES;
				CLANG_WARN_OBJC_IMPLICIT_RETAIN_SELF = YES;
				CLANG_WARN_OBJC_LITERAL_CONVERSION = YES;
				CLANG_WARN_OBJC_ROOT_CLASS = YES_ERROR;
				CLANG_WARN_QUOTED_INCLUDE_IN_FRAMEWORK_HEADER = YES;
				CLANG_WARN_RANGE_LOOP_ANALYSIS = YES;
				CLANG_WARN_STRICT_PROTOTYPES = YES;
				CLANG_WARN_SUSPICIOUS_MOVE = YES;
				CLANG_WARN_UNGUARDED_AVAILABILITY = YES_AGGRESSIVE;
				CLANG_WARN_UNREACHABLE_CODE = YES;
				CLANG_WARN__DUPLICATE_METHOD_MATCH = YES;
				COPY_PHASE_STRIP = NO;
				DEBUG_INFORMATION_FORMAT = "dwarf-with-dsym";
				ENABLE_NS_ASSERTIONS = NO;
				ENABLE_STRICT_OBJC_MSGSEND = YES;
				ENABLE_USER_SCRIPT_SANDBOXING = YES;
				GCC_C_LANGUAGE_STANDARD = gnu17;
				GCC_NO_COMMON_BLOCKS = YES;
				GCC_WARN_64_TO_32_BIT_CONVERSION = YES;
				GCC_WARN_ABOUT_RETURN_TYPE = YES_ERROR;
				GCC_WARN_UNDECLARED_SELECTOR = YES;
				GCC_WARN_UNINITIALIZED_AUTOS = YES_AGGRESSIVE;
				GCC_WARN_UNUSED_FUNCTION = YES;
				GCC_WARN_UNUSED_VARIABLE = YES;
				IPHONEOS_DEPLOYMENT_TARGET = 17.0;
				LOCALIZATION_PREFERS_STRING_CATALOGS = YES;
				MTL_ENABLE_DEBUG_INFO = NO;
				MTL_FAST_MATH = YES;
				SDKROOT = iphoneos;
				SWIFT_COMPILATION_MODE = wholemodule;
				VALIDATE_PRODUCT = YES;
			};
			name = Release;
		};
		886B95412B1C5C5D00559813 /* Debug */ = {
			isa = XCBuildConfiguration;
			buildSettings = {
				ASSETCATALOG_COMPILER_APPICON_NAME = AppIcon;
				ASSETCATALOG_COMPILER_GLOBAL_ACCENT_COLOR_NAME = AccentColor;
				CODE_SIGN_STYLE = Automatic;
				CURRENT_PROJECT_VERSION = 1;
				DEVELOPMENT_TEAM = 47V2ZQJ8K3;
				GENERATE_INFOPLIST_FILE = YES;
				INFOPLIST_KEY_UIApplicationSupportsIndirectInputEvents = YES;
				INFOPLIST_KEY_UILaunchStoryboardName = LaunchScreen;
				INFOPLIST_KEY_UIMainStoryboardFile = Main;
				INFOPLIST_KEY_UIStatusBarHidden = YES;
				INFOPLIST_KEY_UISupportedInterfaceOrientations_iPad = "UIInterfaceOrientationPortrait UIInterfaceOrientationPortraitUpsideDown UIInterfaceOrientationLandscapeLeft UIInterfaceOrientationLandscapeRight";
				INFOPLIST_KEY_UISupportedInterfaceOrientations_iPhone = "UIInterfaceOrientationPortrait UIInterfaceOrientationLandscapeLeft UIInterfaceOrientationLandscapeRight";
				LD_RUNPATH_SEARCH_PATHS = (
					"$(inherited)",
					"@executable_path/Frameworks",
				);
				MARKETING_VERSION = 1.0;
				PRODUCT_BUNDLE_IDENTIFIER = enhighfood.test;
				PRODUCT_NAME = "$(TARGET_NAME)";
				SWIFT_EMIT_LOC_STRINGS = YES;
				SWIFT_VERSION = 5.0;
				TARGETED_DEVICE_FAMILY = "1,2";
			};
			name = Debug;
		};
		886B95422B1C5C5D00559813 /* Release */ = {
			isa = XCBuildConfiguration;
			buildSettings = {
				ASSETCATALOG_COMPILER_APPICON_NAME = AppIcon;
				ASSETCATALOG_COMPILER_GLOBAL_ACCENT_COLOR_NAME = AccentColor;
				CODE_SIGN_STYLE = Automatic;
				CURRENT_PROJECT_VERSION = 1;
				DEVELOPMENT_TEAM = 47V2ZQJ8K3;
				GENERATE_INFOPLIST_FILE = YES;
				INFOPLIST_KEY_UIApplicationSupportsIndirectInputEvents = YES;
				INFOPLIST_KEY_UILaunchStoryboardName = LaunchScreen;
				INFOPLIST_KEY_UIMainStoryboardFile = Main;
				INFOPLIST_KEY_UIStatusBarHidden = YES;
				INFOPLIST_KEY_UISupportedInterfaceOrientations_iPad = "UIInterfaceOrientationPortrait UIInterfaceOrientationPortraitUpsideDown UIInterfaceOrientationLandscapeLeft UIInterfaceOrientationLandscapeRight";
				INFOPLIST_KEY_UISupportedInterfaceOrientations_iPhone = "UIInterfaceOrientationPortrait UIInterfaceOrientationLandscapeLeft UIInterfaceOrientationLandscapeRight";
				LD_RUNPATH_SEARCH_PATHS = (
					"$(inherited)",
					"@executable_path/Frameworks",
				);
				MARKETING_VERSION = 1.0;
				PRODUCT_BUNDLE_IDENTIFIER = enhighfood.test;
				PRODUCT_NAME = "$(TARGET_NAME)";
				SWIFT_EMIT_LOC_STRINGS = YES;
				SWIFT_VERSION = 5.0;
				TARGETED_DEVICE_FAMILY = "1,2";
			};
			name = Release;
		};
		886B95442B1C5C5D00559813 /* Debug */ = {
			isa = XCBuildConfiguration;
			buildSettings = {
				ALWAYS_EMBED_SWIFT_STANDARD_LIBRARIES = YES;
				BUNDLE_LOADER = "$(TEST_HOST)";
				CODE_SIGN_STYLE = Automatic;
				CURRENT_PROJECT_VERSION = 1;
				DEVELOPMENT_TEAM = 47V2ZQJ8K3;
				GENERATE_INFOPLIST_FILE = YES;
				IPHONEOS_DEPLOYMENT_TARGET = 17.0;
				MARKETING_VERSION = 1.0;
				PRODUCT_BUNDLE_IDENTIFIER = enhighfood.testTests;
				PRODUCT_NAME = "$(TARGET_NAME)";
				SWIFT_EMIT_LOC_STRINGS = NO;
				SWIFT_VERSION = 5.0;
				TARGETED_DEVICE_FAMILY = "1,2";
				TEST_HOST = "$(BUILT_PRODUCTS_DIR)/test.app/$(BUNDLE_EXECUTABLE_FOLDER_PATH)/test";
			};
			name = Debug;
		};
		886B95452B1C5C5D00559813 /* Release */ = {
			isa = XCBuildConfiguration;
			buildSettings = {
				ALWAYS_EMBED_SWIFT_STANDARD_LIBRARIES = YES;
				BUNDLE_LOADER = "$(TEST_HOST)";
				CODE_SIGN_STYLE = Automatic;
				CURRENT_PROJECT_VERSION = 1;
				DEVELOPMENT_TEAM = 47V2ZQJ8K3;
				GENERATE_INFOPLIST_FILE = YES;
				IPHONEOS_DEPLOYMENT_TARGET = 17.0;
				MARKETING_VERSION = 1.0;
				PRODUCT_BUNDLE_IDENTIFIER = enhighfood.testTests;
				PRODUCT_NAME = "$(TARGET_NAME)";
				SWIFT_EMIT_LOC_STRINGS = NO;
				SWIFT_VERSION = 5.0;
				TARGETED_DEVICE_FAMILY = "1,2";
				TEST_HOST = "$(BUILT_PRODUCTS_DIR)/test.app/$(BUNDLE_EXECUTABLE_FOLDER_PATH)/test";
			};
			name = Release;
		};
		886B95472B1C5C5D00559813 /* Debug */ = {
			isa = XCBuildConfiguration;
			buildSettings = {
				ALWAYS_EMBED_SWIFT_STANDARD_LIBRARIES = YES;
				CODE_SIGN_STYLE = Automatic;
				CURRENT_PROJECT_VERSION = 1;
				DEVELOPMENT_TEAM = 47V2ZQJ8K3;
				GENERATE_INFOPLIST_FILE = YES;
				MARKETING_VERSION = 1.0;
				PRODUCT_BUNDLE_IDENTIFIER = enhighfood.testUITests;
				PRODUCT_NAME = "$(TARGET_NAME)";
				SWIFT_EMIT_LOC_STRINGS = NO;
				SWIFT_VERSION = 5.0;
				TARGETED_DEVICE_FAMILY = "1,2";
				TEST_TARGET_NAME = test;
			};
			name = Debug;
		};
		886B95482B1C5C5D00559813 /* Release */ = {
			isa = XCBuildConfiguration;
			buildSettings = {
				ALWAYS_EMBED_SWIFT_STANDARD_LIBRARIES = YES;
				CODE_SIGN_STYLE = Automatic;
				CURRENT_PROJECT_VERSION = 1;
				DEVELOPMENT_TEAM = 47V2ZQJ8K3;
				GENERATE_INFOPLIST_FILE = YES;
				MARKETING_VERSION = 1.0;
				PRODUCT_BUNDLE_IDENTIFIER = enhighfood.testUITests;
				PRODUCT_NAME = "$(TARGET_NAME)";
				SWIFT_EMIT_LOC_STRINGS = NO;
				SWIFT_VERSION = 5.0;
				TARGETED_DEVICE_FAMILY = "1,2";
				TEST_TARGET_NAME = test;
			};
			name = Release;
		};
/* End XCBuildConfiguration section */

/* Begin XCConfigurationList section */
		886B950E2B1C5C5A00559813 /* Build configuration list for PBXProject "test" */ = {
			isa = XCConfigurationList;
			buildConfigurations = (
				886B953E2B1C5C5D00559813 /* Debug */,
				886B953F2B1C5C5D00559813 /* Release */,
			);
			defaultConfigurationIsVisible = 0;
			defaultConfigurationName = Release;
		};
		886B95402B1C5C5D00559813 /* Build configuration list for PBXNativeTarget "test" */ = {
			isa = XCConfigurationList;
			buildConfigurations = (
				886B95412B1C5C5D00559813 /* Debug */,
				886B95422B1C5C5D00559813 /* Release */,
			);
			defaultConfigurationIsVisible = 0;
			defaultConfigurationName = Release;
		};
		886B95432B1C5C5D00559813 /* Build configuration list for PBXNativeTarget "testTests" */ = {
			isa = XCConfigurationList;
			buildConfigurations = (
				886B95442B1C5C5D00559813 /* Debug */,
				886B95452B1C5C5D00559813 /* Release */,
			);
			defaultConfigurationIsVisible = 0;
			defaultConfigurationName = Release;
		};
		886B95462B1C5C5D00559813 /* Build configuration list for PBXNativeTarget "testUITests" */ = {
			isa = XCConfigurationList;
			buildConfigurations = (
				886B95472B1C5C5D00559813 /* Debug */,
				886B95482B1C5C5D00559813 /* Release */,
			);
			defaultConfigurationIsVisible = 0;
			defaultConfigurationName = Release;
		};
/* End XCConfigurationList section */
	};
	rootObject = 886B950B2B1C5C5A00559813 /* Project object */;
}
