// !$*UTF8*$!
{
	archiveVersion = 1;
	classes = {
	};
	objectVersion = 56;
	objects = {

/* Begin PBXBuildFile section */
		8876618D2B14464100728671 /* AppDelegate.swift in Sources */ = {isa = PBXBuildFile; fileRef = 8876618C2B14464100728671 /* AppDelegate.swift */; };
		8876618F2B14464100728671 /* GameScene.sks in Resources */ = {isa = PBXBuildFile; fileRef = 8876618E2B14464100728671 /* GameScene.sks */; };
		887661912B14464100728671 /* Actions.sks in Resources */ = {isa = PBXBuildFile; fileRef = 887661902B14464100728671 /* Actions.sks */; };
		887661932B14464100728671 /* GameScene.swift in Sources */ = {isa = PBXBuildFile; fileRef = 887661922B14464100728671 /* GameScene.swift */; };
		887661952B14464100728671 /* GameViewController.swift in Sources */ = {isa = PBXBuildFile; fileRef = 887661942B14464100728671 /* GameViewController.swift */; };
		887661982B14464100728671 /* Main.storyboard in Resources */ = {isa = PBXBuildFile; fileRef = 887661962B14464100728671 /* Main.storyboard */; };
		8876619A2B14464200728671 /* Assets.xcassets in Resources */ = {isa = PBXBuildFile; fileRef = 887661992B14464200728671 /* Assets.xcassets */; };
		8876619D2B14464200728671 /* LaunchScreen.storyboard in Resources */ = {isa = PBXBuildFile; fileRef = 8876619B2B14464200728671 /* LaunchScreen.storyboard */; };
		887661A72B14464200728671 /* FruitNinjaIOSTests.swift in Sources */ = {isa = PBXBuildFile; fileRef = 887661A62B14464200728671 /* FruitNinjaIOSTests.swift */; };
		887661B12B14464200728671 /* FruitNinjaIOSUITests.swift in Sources */ = {isa = PBXBuildFile; fileRef = 887661B02B14464200728671 /* FruitNinjaIOSUITests.swift */; };
		887661B32B14464200728671 /* FruitNinjaIOSUITestsLaunchTests.swift in Sources */ = {isa = PBXBuildFile; fileRef = 887661B22B14464200728671 /* FruitNinjaIOSUITestsLaunchTests.swift */; };
/* End PBXBuildFile section */

/* Begin PBXContainerItemProxy section */
		887661A32B14464200728671 /* PBXContainerItemProxy */ = {
			isa = PBXContainerItemProxy;
			containerPortal = 887661812B14464100728671 /* Project object */;
			proxyType = 1;
			remoteGlobalIDString = 887661882B14464100728671;
			remoteInfo = FruitNinjaIOS;
		};
		887661AD2B14464200728671 /* PBXContainerItemProxy */ = {
			isa = PBXContainerItemProxy;
			containerPortal = 887661812B14464100728671 /* Project object */;
			proxyType = 1;
			remoteGlobalIDString = 887661882B14464100728671;
			remoteInfo = FruitNinjaIOS;
		};
/* End PBXContainerItemProxy section */

/* Begin PBXFileReference section */
		887661892B14464100728671 /* FruitNinjaIOS.app */ = {isa = PBXFileReference; explicitFileType = wrapper.application; includeInIndex = 0; path = FruitNinjaIOS.app; sourceTree = BUILT_PRODUCTS_DIR; };
		8876618C2B14464100728671 /* AppDelegate.swift */ = {isa = PBXFileReference; lastKnownFileType = sourcecode.swift; path = AppDelegate.swift; sourceTree = "<group>"; };
		8876618E2B14464100728671 /* GameScene.sks */ = {isa = PBXFileReference; lastKnownFileType = file.sks; path = GameScene.sks; sourceTree = "<group>"; };
		887661902B14464100728671 /* Actions.sks */ = {isa = PBXFileReference; lastKnownFileType = file.sks; path = Actions.sks; sourceTree = "<group>"; };
		887661922B14464100728671 /* GameScene.swift */ = {isa = PBXFileReference; lastKnownFileType = sourcecode.swift; path = GameScene.swift; sourceTree = "<group>"; };
		887661942B14464100728671 /* GameViewController.swift */ = {isa = PBXFileReference; lastKnownFileType = sourcecode.swift; path = GameViewController.swift; sourceTree = "<group>"; };
		887661972B14464100728671 /* Base */ = {isa = PBXFileReference; lastKnownFileType = file.storyboard; name = Base; path = Base.lproj/Main.storyboard; sourceTree = "<group>"; };
		887661992B14464200728671 /* Assets.xcassets */ = {isa = PBXFileReference; lastKnownFileType = folder.assetcatalog; path = Assets.xcassets; sourceTree = "<group>"; };
		8876619C2B14464200728671 /* Base */ = {isa = PBXFileReference; lastKnownFileType = file.storyboard; name = Base; path = Base.lproj/LaunchScreen.storyboard; sourceTree = "<group>"; };
		887661A22B14464200728671 /* FruitNinjaIOSTests.xctest */ = {isa = PBXFileReference; explicitFileType = wrapper.cfbundle; includeInIndex = 0; path = FruitNinjaIOSTests.xctest; sourceTree = BUILT_PRODUCTS_DIR; };
		887661A62B14464200728671 /* FruitNinjaIOSTests.swift */ = {isa = PBXFileReference; lastKnownFileType = sourcecode.swift; path = FruitNinjaIOSTests.swift; sourceTree = "<group>"; };
		887661AC2B14464200728671 /* FruitNinjaIOSUITests.xctest */ = {isa = PBXFileReference; explicitFileType = wrapper.cfbundle; includeInIndex = 0; path = FruitNinjaIOSUITests.xctest; sourceTree = BUILT_PRODUCTS_DIR; };
		887661B02B14464200728671 /* FruitNinjaIOSUITests.swift */ = {isa = PBXFileReference; lastKnownFileType = sourcecode.swift; path = FruitNinjaIOSUITests.swift; sourceTree = "<group>"; };
		887661B22B14464200728671 /* FruitNinjaIOSUITestsLaunchTests.swift */ = {isa = PBXFileReference; lastKnownFileType = sourcecode.swift; path = FruitNinjaIOSUITestsLaunchTests.swift; sourceTree = "<group>"; };
/* End PBXFileReference section */

/* Begin PBXFrameworksBuildPhase section */
		887661862B14464100728671 /* Frameworks */ = {
			isa = PBXFrameworksBuildPhase;
			buildActionMask = 2147483647;
			files = (
			);
			runOnlyForDeploymentPostprocessing = 0;
		};
		8876619F2B14464200728671 /* Frameworks */ = {
			isa = PBXFrameworksBuildPhase;
			buildActionMask = 2147483647;
			files = (
			);
			runOnlyForDeploymentPostprocessing = 0;
		};
		887661A92B14464200728671 /* Frameworks */ = {
			isa = PBXFrameworksBuildPhase;
			buildActionMask = 2147483647;
			files = (
			);
			runOnlyForDeploymentPostprocessing = 0;
		};
/* End PBXFrameworksBuildPhase section */

/* Begin PBXGroup section */
		887661802B14464100728671 = {
			isa = PBXGroup;
			children = (
				8876618B2B14464100728671 /* FruitNinjaIOS */,
				887661A52B14464200728671 /* FruitNinjaIOSTests */,
				887661AF2B14464200728671 /* FruitNinjaIOSUITests */,
				8876618A2B14464100728671 /* Products */,
			);
			sourceTree = "<group>";
		};
		8876618A2B14464100728671 /* Products */ = {
			isa = PBXGroup;
			children = (
				887661892B14464100728671 /* FruitNinjaIOS.app */,
				887661A22B14464200728671 /* FruitNinjaIOSTests.xctest */,
				887661AC2B14464200728671 /* FruitNinjaIOSUITests.xctest */,
			);
			name = Products;
			sourceTree = "<group>";
		};
		8876618B2B14464100728671 /* FruitNinjaIOS */ = {
			isa = PBXGroup;
			children = (
				8876618C2B14464100728671 /* AppDelegate.swift */,
				8876618E2B14464100728671 /* GameScene.sks */,
				887661902B14464100728671 /* Actions.sks */,
				887661922B14464100728671 /* GameScene.swift */,
				887661942B14464100728671 /* GameViewController.swift */,
				887661962B14464100728671 /* Main.storyboard */,
				887661992B14464200728671 /* Assets.xcassets */,
				8876619B2B14464200728671 /* LaunchScreen.storyboard */,
			);
			path = FruitNinjaIOS;
			sourceTree = "<group>";
		};
		887661A52B14464200728671 /* FruitNinjaIOSTests */ = {
			isa = PBXGroup;
			children = (
				887661A62B14464200728671 /* FruitNinjaIOSTests.swift */,
			);
			path = FruitNinjaIOSTests;
			sourceTree = "<group>";
		};
		887661AF2B14464200728671 /* FruitNinjaIOSUITests */ = {
			isa = PBXGroup;
			children = (
				887661B02B14464200728671 /* FruitNinjaIOSUITests.swift */,
				887661B22B14464200728671 /* FruitNinjaIOSUITestsLaunchTests.swift */,
			);
			path = FruitNinjaIOSUITests;
			sourceTree = "<group>";
		};
/* End PBXGroup section */

/* Begin PBXNativeTarget section */
		887661882B14464100728671 /* FruitNinjaIOS */ = {
			isa = PBXNativeTarget;
			buildConfigurationList = 887661B62B14464200728671 /* Build configuration list for PBXNativeTarget "FruitNinjaIOS" */;
			buildPhases = (
				887661852B14464100728671 /* Sources */,
				887661862B14464100728671 /* Frameworks */,
				887661872B14464100728671 /* Resources */,
			);
			buildRules = (
			);
			dependencies = (
			);
			name = FruitNinjaIOS;
			productName = FruitNinjaIOS;
			productReference = 887661892B14464100728671 /* FruitNinjaIOS.app */;
			productType = "com.apple.product-type.application";
		};
		887661A12B14464200728671 /* FruitNinjaIOSTests */ = {
			isa = PBXNativeTarget;
			buildConfigurationList = 887661B92B14464200728671 /* Build configuration list for PBXNativeTarget "FruitNinjaIOSTests" */;
			buildPhases = (
				8876619E2B14464200728671 /* Sources */,
				8876619F2B14464200728671 /* Frameworks */,
				887661A02B14464200728671 /* Resources */,
			);
			buildRules = (
			);
			dependencies = (
				887661A42B14464200728671 /* PBXTargetDependency */,
			);
			name = FruitNinjaIOSTests;
			productName = FruitNinjaIOSTests;
			productReference = 887661A22B14464200728671 /* FruitNinjaIOSTests.xctest */;
			productType = "com.apple.product-type.bundle.unit-test";
		};
		887661AB2B14464200728671 /* FruitNinjaIOSUITests */ = {
			isa = PBXNativeTarget;
			buildConfigurationList = 887661BC2B14464200728671 /* Build configuration list for PBXNativeTarget "FruitNinjaIOSUITests" */;
			buildPhases = (
				887661A82B14464200728671 /* Sources */,
				887661A92B14464200728671 /* Frameworks */,
				887661AA2B14464200728671 /* Resources */,
			);
			buildRules = (
			);
			dependencies = (
				887661AE2B14464200728671 /* PBXTargetDependency */,
			);
			name = FruitNinjaIOSUITests;
			productName = FruitNinjaIOSUITests;
			productReference = 887661AC2B14464200728671 /* FruitNinjaIOSUITests.xctest */;
			productType = "com.apple.product-type.bundle.ui-testing";
		};
/* End PBXNativeTarget section */

/* Begin PBXProject section */
		887661812B14464100728671 /* Project object */ = {
			isa = PBXProject;
			attributes = {
				BuildIndependentTargetsInParallel = 1;
				LastSwiftUpdateCheck = 1500;
				LastUpgradeCheck = 1500;
				TargetAttributes = {
					887661882B14464100728671 = {
						CreatedOnToolsVersion = 15.0.1;
					};
					887661A12B14464200728671 = {
						CreatedOnToolsVersion = 15.0.1;
						TestTargetID = 887661882B14464100728671;
					};
					887661AB2B14464200728671 = {
						CreatedOnToolsVersion = 15.0.1;
						TestTargetID = 887661882B14464100728671;
					};
				};
			};
			buildConfigurationList = 887661842B14464100728671 /* Build configuration list for PBXProject "FruitNinjaIOS" */;
			compatibilityVersion = "Xcode 14.0";
			developmentRegion = en;
			hasScannedForEncodings = 0;
			knownRegions = (
				en,
				Base,
			);
			mainGroup = 887661802B14464100728671;
			productRefGroup = 8876618A2B14464100728671 /* Products */;
			projectDirPath = "";
			projectRoot = "";
			targets = (
				887661882B14464100728671 /* FruitNinjaIOS */,
				887661A12B14464200728671 /* FruitNinjaIOSTests */,
				887661AB2B14464200728671 /* FruitNinjaIOSUITests */,
			);
		};
/* End PBXProject section */

/* Begin PBXResourcesBuildPhase section */
		887661872B14464100728671 /* Resources */ = {
			isa = PBXResourcesBuildPhase;
			buildActionMask = 2147483647;
			files = (
				887661982B14464100728671 /* Main.storyboard in Resources */,
				8876618F2B14464100728671 /* GameScene.sks in Resources */,
				8876619A2B14464200728671 /* Assets.xcassets in Resources */,
				8876619D2B14464200728671 /* LaunchScreen.storyboard in Resources */,
				887661912B14464100728671 /* Actions.sks in Resources */,
			);
			runOnlyForDeploymentPostprocessing = 0;
		};
		887661A02B14464200728671 /* Resources */ = {
			isa = PBXResourcesBuildPhase;
			buildActionMask = 2147483647;
			files = (
			);
			runOnlyForDeploymentPostprocessing = 0;
		};
		887661AA2B14464200728671 /* Resources */ = {
			isa = PBXResourcesBuildPhase;
			buildActionMask = 2147483647;
			files = (
			);
			runOnlyForDeploymentPostprocessing = 0;
		};
/* End PBXResourcesBuildPhase section */

/* Begin PBXSourcesBuildPhase section */
		887661852B14464100728671 /* Sources */ = {
			isa = PBXSourcesBuildPhase;
			buildActionMask = 2147483647;
			files = (
				887661932B14464100728671 /* GameScene.swift in Sources */,
				887661952B14464100728671 /* GameViewController.swift in Sources */,
				8876618D2B14464100728671 /* AppDelegate.swift in Sources */,
			);
			runOnlyForDeploymentPostprocessing = 0;
		};
		8876619E2B14464200728671 /* Sources */ = {
			isa = PBXSourcesBuildPhase;
			buildActionMask = 2147483647;
			files = (
				887661A72B14464200728671 /* FruitNinjaIOSTests.swift in Sources */,
			);
			runOnlyForDeploymentPostprocessing = 0;
		};
		887661A82B14464200728671 /* Sources */ = {
			isa = PBXSourcesBuildPhase;
			buildActionMask = 2147483647;
			files = (
				887661B32B14464200728671 /* FruitNinjaIOSUITestsLaunchTests.swift in Sources */,
				887661B12B14464200728671 /* FruitNinjaIOSUITests.swift in Sources */,
			);
			runOnlyForDeploymentPostprocessing = 0;
		};
/* End PBXSourcesBuildPhase section */

/* Begin PBXTargetDependency section */
		887661A42B14464200728671 /* PBXTargetDependency */ = {
			isa = PBXTargetDependency;
			target = 887661882B14464100728671 /* FruitNinjaIOS */;
			targetProxy = 887661A32B14464200728671 /* PBXContainerItemProxy */;
		};
		887661AE2B14464200728671 /* PBXTargetDependency */ = {
			isa = PBXTargetDependency;
			target = 887661882B14464100728671 /* FruitNinjaIOS */;
			targetProxy = 887661AD2B14464200728671 /* PBXContainerItemProxy */;
		};
/* End PBXTargetDependency section */

/* Begin PBXVariantGroup section */
		887661962B14464100728671 /* Main.storyboard */ = {
			isa = PBXVariantGroup;
			children = (
				887661972B14464100728671 /* Base */,
			);
			name = Main.storyboard;
			sourceTree = "<group>";
		};
		8876619B2B14464200728671 /* LaunchScreen.storyboard */ = {
			isa = PBXVariantGroup;
			children = (
				8876619C2B14464200728671 /* Base */,
			);
			name = LaunchScreen.storyboard;
			sourceTree = "<group>";
		};
/* End PBXVariantGroup section */

/* Begin XCBuildConfiguration section */
		887661B42B14464200728671 /* Debug */ = {
			isa = XCBuildConfiguration;
			buildSettings = {
				ALWAYS_SEARCH_USER_PATHS = NO;
				ASSETCATALOG_COMPILER_GENERATE_SWIFT_ASSET_SYMBOL_EXTENSIONS = YES;
				CLANG_ANALYZER_NONNULL = YES;
				CLANG_ANALYZER_NUMBER_OBJECT_CONVERSION = YES_AGGRESSIVE;
				CLANG_CXX_LANGUAGE_STANDARD = "gnu++20";
				CLANG_ENABLE_MODULES = YES;
				CLANG_ENABLE_OBJC_ARC = YES;
				CLANG_ENABLE_OBJC_WEAK = YES;
				CLANG_WARN_BLOCK_CAPTURE_AUTORELEASING = YES;
				CLANG_WARN_BOOL_CONVERSION = YES;
				CLANG_WARN_COMMA = YES;
				CLANG_WARN_CONSTANT_CONVERSION = YES;
				CLANG_WARN_DEPRECATED_OBJC_IMPLEMENTATIONS = YES;
				CLANG_WARN_DIRECT_OBJC_ISA_USAGE = YES_ERROR;
				CLANG_WARN_DOCUMENTATION_COMMENTS = YES;
				CLANG_WARN_EMPTY_BODY = YES;
				CLANG_WARN_ENUM_CONVERSION = YES;
				CLANG_WARN_INFINITE_RECURSION = YES;
				CLANG_WARN_INT_CONVERSION = YES;
				CLANG_WARN_NON_LITERAL_NULL_CONVERSION = YES;
				CLANG_WARN_OBJC_IMPLICIT_RETAIN_SELF = YES;
				CLANG_WARN_OBJC_LITERAL_CONVERSION = YES;
				CLANG_WARN_OBJC_ROOT_CLASS = YES_ERROR;
				CLANG_WARN_QUOTED_INCLUDE_IN_FRAMEWORK_HEADER = YES;
				CLANG_WARN_RANGE_LOOP_ANALYSIS = YES;
				CLANG_WARN_STRICT_PROTOTYPES = YES;
				CLANG_WARN_SUSPICIOUS_MOVE = YES;
				CLANG_WARN_UNGUARDED_AVAILABILITY = YES_AGGRESSIVE;
				CLANG_WARN_UNREACHABLE_CODE = YES;
				CLANG_WARN__DUPLICATE_METHOD_MATCH = YES;
				COPY_PHASE_STRIP = NO;
				DEBUG_INFORMATION_FORMAT = dwarf;
				ENABLE_STRICT_OBJC_MSGSEND = YES;
				ENABLE_TESTABILITY = YES;
				ENABLE_USER_SCRIPT_SANDBOXING = YES;
				GCC_C_LANGUAGE_STANDARD = gnu17;
				GCC_DYNAMIC_NO_PIC = NO;
				GCC_NO_COMMON_BLOCKS = YES;
				GCC_OPTIMIZATION_LEVEL = 0;
				GCC_PREPROCESSOR_DEFINITIONS = (
					"DEBUG=1",
					"$(inherited)",
				);
				GCC_WARN_64_TO_32_BIT_CONVERSION = YES;
				GCC_WARN_ABOUT_RETURN_TYPE = YES_ERROR;
				GCC_WARN_UNDECLARED_SELECTOR = YES;
				GCC_WARN_UNINITIALIZED_AUTOS = YES_AGGRESSIVE;
				GCC_WARN_UNUSED_FUNCTION = YES;
				GCC_WARN_UNUSED_VARIABLE = YES;
				IPHONEOS_DEPLOYMENT_TARGET = 17.0;
				LOCALIZATION_PREFERS_STRING_CATALOGS = YES;
				MTL_ENABLE_DEBUG_INFO = INCLUDE_SOURCE;
				MTL_FAST_MATH = YES;
				ONLY_ACTIVE_ARCH = YES;
				SDKROOT = iphoneos;
				SWIFT_ACTIVE_COMPILATION_CONDITIONS = "DEBUG $(inherited)";
				SWIFT_OPTIMIZATION_LEVEL = "-Onone";
			};
			name = Debug;
		};
		887661B52B14464200728671 /* Release */ = {
			isa = XCBuildConfiguration;
			buildSettings = {
				ALWAYS_SEARCH_USER_PATHS = NO;
				ASSETCATALOG_COMPILER_GENERATE_SWIFT_ASSET_SYMBOL_EXTENSIONS = YES;
				CLANG_ANALYZER_NONNULL = YES;
				CLANG_ANALYZER_NUMBER_OBJECT_CONVERSION = YES_AGGRESSIVE;
				CLANG_CXX_LANGUAGE_STANDARD = "gnu++20";
				CLANG_ENABLE_MODULES = YES;
				CLANG_ENABLE_OBJC_ARC = YES;
				CLANG_ENABLE_OBJC_WEAK = YES;
				CLANG_WARN_BLOCK_CAPTURE_AUTORELEASING = YES;
				CLANG_WARN_BOOL_CONVERSION = YES;
				CLANG_WARN_COMMA = YES;
				CLANG_WARN_CONSTANT_CONVERSION = YES;
				CLANG_WARN_DEPRECATED_OBJC_IMPLEMENTATIONS = YES;
				CLANG_WARN_DIRECT_OBJC_ISA_USAGE = YES_ERROR;
				CLANG_WARN_DOCUMENTATION_COMMENTS = YES;
				CLANG_WARN_EMPTY_BODY = YES;
				CLANG_WARN_ENUM_CONVERSION = YES;
				CLANG_WARN_INFINITE_RECURSION = YES;
				CLANG_WARN_INT_CONVERSION = YES;
				CLANG_WARN_NON_LITERAL_NULL_CONVERSION = YES;
				CLANG_WARN_OBJC_IMPLICIT_RETAIN_SELF = YES;
				CLANG_WARN_OBJC_LITERAL_CONVERSION = YES;
				CLANG_WARN_OBJC_ROOT_CLASS = YES_ERROR;
				CLANG_WARN_QUOTED_INCLUDE_IN_FRAMEWORK_HEADER = YES;
				CLANG_WARN_RANGE_LOOP_ANALYSIS = YES;
				CLANG_WARN_STRICT_PROTOTYPES = YES;
				CLANG_WARN_SUSPICIOUS_MOVE = YES;
				CLANG_WARN_UNGUARDED_AVAILABILITY = YES_AGGRESSIVE;
				CLANG_WARN_UNREACHABLE_CODE = YES;
				CLANG_WARN__DUPLICATE_METHOD_MATCH = YES;
				COPY_PHASE_STRIP = NO;
				DEBUG_INFORMATION_FORMAT = "dwarf-with-dsym";
				ENABLE_NS_ASSERTIONS = NO;
				ENABLE_STRICT_OBJC_MSGSEND = YES;
				ENABLE_USER_SCRIPT_SANDBOXING = YES;
				GCC_C_LANGUAGE_STANDARD = gnu17;
				GCC_NO_COMMON_BLOCKS = YES;
				GCC_WARN_64_TO_32_BIT_CONVERSION = YES;
				GCC_WARN_ABOUT_RETURN_TYPE = YES_ERROR;
				GCC_WARN_UNDECLARED_SELECTOR = YES;
				GCC_WARN_UNINITIALIZED_AUTOS = YES_AGGRESSIVE;
				GCC_WARN_UNUSED_FUNCTION = YES;
				GCC_WARN_UNUSED_VARIABLE = YES;
				IPHONEOS_DEPLOYMENT_TARGET = 17.0;
				LOCALIZATION_PREFERS_STRING_CATALOGS = YES;
				MTL_ENABLE_DEBUG_INFO = NO;
				MTL_FAST_MATH = YES;
				SDKROOT = iphoneos;
				SWIFT_COMPILATION_MODE = wholemodule;
				VALIDATE_PRODUCT = YES;
			};
			name = Release;
		};
		887661B72B14464200728671 /* Debug */ = {
			isa = XCBuildConfiguration;
			buildSettings = {
				ASSETCATALOG_COMPILER_APPICON_NAME = AppIcon;
				ASSETCATALOG_COMPILER_GLOBAL_ACCENT_COLOR_NAME = AccentColor;
				CODE_SIGN_STYLE = Automatic;
				CURRENT_PROJECT_VERSION = 1;
				GENERATE_INFOPLIST_FILE = YES;
				INFOPLIST_KEY_CFBundleDisplayName = Enhigh;
				INFOPLIST_KEY_LSApplicationCategoryType = "public.app-category.adventure-games";
				INFOPLIST_KEY_UIApplicationSupportsIndirectInputEvents = YES;
				INFOPLIST_KEY_UILaunchStoryboardName = LaunchScreen;
				INFOPLIST_KEY_UIMainStoryboardFile = Main;
				INFOPLIST_KEY_UIStatusBarHidden = YES;
				INFOPLIST_KEY_UISupportedInterfaceOrientations_iPad = "UIInterfaceOrientationPortrait UIInterfaceOrientationPortraitUpsideDown UIInterfaceOrientationLandscapeLeft UIInterfaceOrientationLandscapeRight";
				INFOPLIST_KEY_UISupportedInterfaceOrientations_iPhone = "UIInterfaceOrientationPortrait UIInterfaceOrientationLandscapeLeft UIInterfaceOrientationLandscapeRight";
				LD_RUNPATH_SEARCH_PATHS = (
					"$(inherited)",
					"@executable_path/Frameworks",
				);
				MARKETING_VERSION = 1.0;
				PRODUCT_BUNDLE_IDENTIFIER = enhighfood.FruitNinjaIOS;
				PRODUCT_NAME = "$(TARGET_NAME)";
				SWIFT_EMIT_LOC_STRINGS = YES;
				SWIFT_VERSION = 5.0;
				TARGETED_DEVICE_FAMILY = "1,2";
			};
			name = Debug;
		};
		887661B82B14464200728671 /* Release */ = {
			isa = XCBuildConfiguration;
			buildSettings = {
				ASSETCATALOG_COMPILER_APPICON_NAME = AppIcon;
				ASSETCATALOG_COMPILER_GLOBAL_ACCENT_COLOR_NAME = AccentColor;
				CODE_SIGN_STYLE = Automatic;
				CURRENT_PROJECT_VERSION = 1;
				GENERATE_INFOPLIST_FILE = YES;
				INFOPLIST_KEY_CFBundleDisplayName = Enhigh;
				INFOPLIST_KEY_LSApplicationCategoryType = "public.app-category.adventure-games";
				INFOPLIST_KEY_UIApplicationSupportsIndirectInputEvents = YES;
				INFOPLIST_KEY_UILaunchStoryboardName = LaunchScreen;
				INFOPLIST_KEY_UIMainStoryboardFile = Main;
				INFOPLIST_KEY_UIStatusBarHidden = YES;
				INFOPLIST_KEY_UISupportedInterfaceOrientations_iPad = "UIInterfaceOrientationPortrait UIInterfaceOrientationPortraitUpsideDown UIInterfaceOrientationLandscapeLeft UIInterfaceOrientationLandscapeRight";
				INFOPLIST_KEY_UISupportedInterfaceOrientations_iPhone = "UIInterfaceOrientationPortrait UIInterfaceOrientationLandscapeLeft UIInterfaceOrientationLandscapeRight";
				LD_RUNPATH_SEARCH_PATHS = (
					"$(inherited)",
					"@executable_path/Frameworks",
				);
				MARKETING_VERSION = 1.0;
				PRODUCT_BUNDLE_IDENTIFIER = enhighfood.FruitNinjaIOS;
				PRODUCT_NAME = "$(TARGET_NAME)";
				SWIFT_EMIT_LOC_STRINGS = YES;
				SWIFT_VERSION = 5.0;
				TARGETED_DEVICE_FAMILY = "1,2";
			};
			name = Release;
		};
		887661BA2B14464200728671 /* Debug */ = {
			isa = XCBuildConfiguration;
			buildSettings = {
				ALWAYS_EMBED_SWIFT_STANDARD_LIBRARIES = YES;
				BUNDLE_LOADER = "$(TEST_HOST)";
				CODE_SIGN_STYLE = Automatic;
				CURRENT_PROJECT_VERSION = 1;
				GENERATE_INFOPLIST_FILE = YES;
				IPHONEOS_DEPLOYMENT_TARGET = 17.0;
				MARKETING_VERSION = 1.0;
				PRODUCT_BUNDLE_IDENTIFIER = enhighfood.FruitNinjaIOSTests;
				PRODUCT_NAME = "$(TARGET_NAME)";
				SWIFT_EMIT_LOC_STRINGS = NO;
				SWIFT_VERSION = 5.0;
				TARGETED_DEVICE_FAMILY = "1,2";
				TEST_HOST = "$(BUILT_PRODUCTS_DIR)/FruitNinjaIOS.app/$(BUNDLE_EXECUTABLE_FOLDER_PATH)/FruitNinjaIOS";
			};
			name = Debug;
		};
		887661BB2B14464200728671 /* Release */ = {
			isa = XCBuildConfiguration;
			buildSettings = {
				ALWAYS_EMBED_SWIFT_STANDARD_LIBRARIES = YES;
				BUNDLE_LOADER = "$(TEST_HOST)";
				CODE_SIGN_STYLE = Automatic;
				CURRENT_PROJECT_VERSION = 1;
				GENERATE_INFOPLIST_FILE = YES;
				IPHONEOS_DEPLOYMENT_TARGET = 17.0;
				MARKETING_VERSION = 1.0;
				PRODUCT_BUNDLE_IDENTIFIER = enhighfood.FruitNinjaIOSTests;
				PRODUCT_NAME = "$(TARGET_NAME)";
				SWIFT_EMIT_LOC_STRINGS = NO;
				SWIFT_VERSION = 5.0;
				TARGETED_DEVICE_FAMILY = "1,2";
				TEST_HOST = "$(BUILT_PRODUCTS_DIR)/FruitNinjaIOS.app/$(BUNDLE_EXECUTABLE_FOLDER_PATH)/FruitNinjaIOS";
			};
			name = Release;
		};
		887661BD2B14464200728671 /* Debug */ = {
			isa = XCBuildConfiguration;
			buildSettings = {
				ALWAYS_EMBED_SWIFT_STANDARD_LIBRARIES = YES;
				CODE_SIGN_STYLE = Automatic;
				CURRENT_PROJECT_VERSION = 1;
				GENERATE_INFOPLIST_FILE = YES;
				MARKETING_VERSION = 1.0;
				PRODUCT_BUNDLE_IDENTIFIER = enhighfood.FruitNinjaIOSUITests;
				PRODUCT_NAME = "$(TARGET_NAME)";
				SWIFT_EMIT_LOC_STRINGS = NO;
				SWIFT_VERSION = 5.0;
				TARGETED_DEVICE_FAMILY = "1,2";
				TEST_TARGET_NAME = FruitNinjaIOS;
			};
			name = Debug;
		};
		887661BE2B14464200728671 /* Release */ = {
			isa = XCBuildConfiguration;
			buildSettings = {
				ALWAYS_EMBED_SWIFT_STANDARD_LIBRARIES = YES;
				CODE_SIGN_STYLE = Automatic;
				CURRENT_PROJECT_VERSION = 1;
				GENERATE_INFOPLIST_FILE = YES;
				MARKETING_VERSION = 1.0;
				PRODUCT_BUNDLE_IDENTIFIER = enhighfood.FruitNinjaIOSUITests;
				PRODUCT_NAME = "$(TARGET_NAME)";
				SWIFT_EMIT_LOC_STRINGS = NO;
				SWIFT_VERSION = 5.0;
				TARGETED_DEVICE_FAMILY = "1,2";
				TEST_TARGET_NAME = FruitNinjaIOS;
			};
			name = Release;
		};
/* End XCBuildConfiguration section */

/* Begin XCConfigurationList section */
		887661842B14464100728671 /* Build configuration list for PBXProject "FruitNinjaIOS" */ = {
			isa = XCConfigurationList;
			buildConfigurations = (
				887661B42B14464200728671 /* Debug */,
				887661B52B14464200728671 /* Release */,
			);
			defaultConfigurationIsVisible = 0;
			defaultConfigurationName = Release;
		};
		887661B62B14464200728671 /* Build configuration list for PBXNativeTarget "FruitNinjaIOS" */ = {
			isa = XCConfigurationList;
			buildConfigurations = (
				887661B72B14464200728671 /* Debug */,
				887661B82B14464200728671 /* Release */,
			);
			defaultConfigurationIsVisible = 0;
			defaultConfigurationName = Release;
		};
		887661B92B14464200728671 /* Build configuration list for PBXNativeTarget "FruitNinjaIOSTests" */ = {
			isa = XCConfigurationList;
			buildConfigurations = (
				887661BA2B14464200728671 /* Debug */,
				887661BB2B14464200728671 /* Release */,
			);
			defaultConfigurationIsVisible = 0;
			defaultConfigurationName = Release;
		};
		887661BC2B14464200728671 /* Build configuration list for PBXNativeTarget "FruitNinjaIOSUITests" */ = {
			isa = XCConfigurationList;
			buildConfigurations = (
				887661BD2B14464200728671 /* Debug */,
				887661BE2B14464200728671 /* Release */,
			);
			defaultConfigurationIsVisible = 0;
			defaultConfigurationName = Release;
		};
/* End XCConfigurationList section */
	};
	rootObject = 887661812B14464100728671 /* Project object */;
}
